
Microsoft Visual Studio Solution File, Format Version 12.00
# Visual Studio Version 17
VisualStudioVersion = 17.0.31903.59
MinimumVisualStudioVersion = 10.0.40219.1
Project("{2150E333-8FDC-42A3-9474-1A3956D46DE8}") = "src", "src", "{41968D17-7AD4-4931-8DE8-34DA786C75A7}"
EndProject
Project("{9A19103F-16F7-4668-BE54-9A1E7A4F7556}") = "JournalBackend", "src\JournalBackend.Core\JournalBackend.csproj", "{58167C0B-C3AB-48F7-87BA-5B277B8F44E7}"
EndProject
Global
	GlobalSection(SolutionConfigurationPlatforms) = preSolution
		Debug|Any CPU = Debug|Any CPU
		Release|Any CPU = Release|Any CPU
	EndGlobalSection
	GlobalSection(SolutionProperties) = preSolution
		HideSolutionNode = FALSE
	EndGlobalSection
	GlobalSection(ProjectConfigurationPlatforms) = postSolution
		{58167C0B-C3AB-48F7-87BA-5B277B8F44E7}.Debug|Any CPU.ActiveCfg = Debug|Any CPU
		{58167C0B-C3AB-48F7-87BA-5B277B8F44E7}.Debug|Any CPU.Build.0 = Debug|Any CPU
		{58167C0B-C3AB-48F7-87BA-5B277B8F44E7}.Release|Any CPU.ActiveCfg = Release|Any CPU
		{58167C0B-C3AB-48F7-87BA-5B277B8F44E7}.Release|Any CPU.Build.0 = Release|Any CPU
	EndGlobalSection
	GlobalSection(NestedProjects) = preSolution
		{58167C0B-C3AB-48F7-87BA-5B277B8F44E7} = {41968D17-7AD4-4931-8DE8-34DA786C75A7}
	EndGlobalSection
EndGlobal
